{
  "name": "yield-farming-on-conpound",
  "version": "1.0.0",
  "lockfileVersion": 2,
  "requires": true,
  "packages": {
    "": {
      "name": "yield-farming-on-conpound",
      "version": "1.0.0",
      "license": "ISC",
      "dependencies": {
        "@openzeppelin/contracts": "^2.5.1",
        "@studydefi/money-legos": "^2.4.1"
      }
    },
    "node_modules/@openzeppelin/contracts": {
      "version": "2.5.1",
      "resolved": "https://registry.npmjs.org/@openzeppelin/contracts/-/contracts-2.5.1.tgz",
      "integrity": "sha512-qIy6tLx8rtybEsIOAlrM4J/85s2q2nPkDqj/Rx46VakBZ0LwtFhXIVub96LXHczQX0vaqmAueDqNPXtbSXSaYQ=="
    },
    "node_modules/@studydefi/money-legos": {
      "version": "2.4.1",
      "resolved": "https://registry.npmjs.org/@studydefi/money-legos/-/money-legos-2.4.1.tgz",
      "integrity": "sha512-60LErLtI+q0bCuwnhGQxK2pdsKPrwMYeQaIekXP2FOBUm6+k0qGl3Q5tly0eX2PkdC8ycxWeQSUvTIAHhmr4aQ==",
      "dependencies": {
        "@openzeppelin/contracts": "^2.5.0"
      }
    }
  },
  "dependencies": {
    "@openzeppelin/contracts": {
      "version": "2.5.1",
      "resolved": "https://registry.npmjs.org/@openzeppelin/contracts/-/contracts-2.5.1.tgz",
      "integrity": "sha512-qIy6tLx8rtybEsIOAlrM4J/85s2q2nPkDqj/Rx46VakBZ0LwtFhXIVub96LXHczQX0vaqmAueDqNPXtbSXSaYQ=="
    },
    "@studydefi/money-legos": {
      "version": "2.4.1",
      "resolved": "https://registry.npmjs.org/@studydefi/money-legos/-/money-legos-2.4.1.tgz",
      "integrity": "sha512-60LErLtI+q0bCuwnhGQxK2pdsKPrwMYeQaIekXP2FOBUm6+k0qGl3Q5tly0eX2PkdC8ycxWeQSUvTIAHhmr4aQ==",
      "requires": {
        "@openzeppelin/contracts": "^2.5.0"
      }
    }
  }
}
